
Microsoft Visual Studio Solution File, Format Version 12.00
# Visual Studio 14
VisualStudioVersion = 14.0.25420.1
MinimumVisualStudioVersion = 10.0.40219.1
Project("{FAE04EC0-301F-11D3-BF4B-00C04F79EFBC}") = "SimpleSolution.WebApp", "SimpleSolution.WebApp\SimpleSolution.WebApp.csproj", "{870F34DA-267D-4AF9-8D15-757E34CE91AA}"
EndProject
Project("{FAE04EC0-301F-11D3-BF4B-00C04F79EFBC}") = "SimpleSolution.Test", "SimpleSolution.Test\SimpleSolution.Test.csproj", "{AC3C10B4-6BD3-458D-8BEB-F0B0772972C2}"
EndProject
Global
	GlobalSection(SolutionConfigurationPlatforms) = preSolution
		Debug|Any CPU = Debug|Any CPU
		Release|Any CPU = Release|Any CPU
	EndGlobalSection
	GlobalSection(ProjectConfigurationPlatforms) = postSolution
		{870F34DA-267D-4AF9-8D15-757E34CE91AA}.Debug|Any CPU.ActiveCfg = Debug|Any CPU
		{870F34DA-267D-4AF9-8D15-757E34CE91AA}.Debug|Any CPU.Build.0 = Debug|Any CPU
		{870F34DA-267D-4AF9-8D15-757E34CE91AA}.Release|Any CPU.ActiveCfg = Release|Any CPU
		{870F34DA-267D-4AF9-8D15-757E34CE91AA}.Release|Any CPU.Build.0 = Release|Any CPU
		{AC3C10B4-6BD3-458D-8BEB-F0B0772972C2}.Debug|Any CPU.ActiveCfg = Debug|Any CPU
		{AC3C10B4-6BD3-458D-8BEB-F0B0772972C2}.Debug|Any CPU.Build.0 = Debug|Any CPU
		{AC3C10B4-6BD3-458D-8BEB-F0B0772972C2}.Release|Any CPU.ActiveCfg = Release|Any CPU
		{AC3C10B4-6BD3-458D-8BEB-F0B0772972C2}.Release|Any CPU.Build.0 = Release|Any CPU
	EndGlobalSection
	GlobalSection(SolutionProperties) = preSolution
		HideSolutionNode = FALSE
	EndGlobalSection
EndGlobal
