
Microsoft Visual Studio Solution File, Format Version 12.00
# Visual Studio 14
VisualStudioVersion = 14.0.25420.1
MinimumVisualStudioVersion = 10.0.40219.1
Project("{FAE04EC0-301F-11D3-BF4B-00C04F79EFBC}") = "SimpleSolution.WebApp", "SimpleSolution.WebApp\SimpleSolution.WebApp.csproj", "{EEAE3577-7B0B-4ACC-A025-4F68BFE2CE57}"
EndProject
Project("{FAE04EC0-301F-11D3-BF4B-00C04F79EFBC}") = "SimpleSolution.Test", "SimpleSolution.Test\SimpleSolution.Test.csproj", "{E492EC12-EDCC-41E4-A744-90CC9601ECE0}"
EndProject
Global
	GlobalSection(SolutionConfigurationPlatforms) = preSolution
		Debug|Any CPU = Debug|Any CPU
		Release|Any CPU = Release|Any CPU
	EndGlobalSection
	GlobalSection(ProjectConfigurationPlatforms) = postSolution
		{EEAE3577-7B0B-4ACC-A025-4F68BFE2CE57}.Debug|Any CPU.ActiveCfg = Debug|Any CPU
		{EEAE3577-7B0B-4ACC-A025-4F68BFE2CE57}.Debug|Any CPU.Build.0 = Debug|Any CPU
		{EEAE3577-7B0B-4ACC-A025-4F68BFE2CE57}.Release|Any CPU.ActiveCfg = Release|Any CPU
		{EEAE3577-7B0B-4ACC-A025-4F68BFE2CE57}.Release|Any CPU.Build.0 = Release|Any CPU
		{E492EC12-EDCC-41E4-A744-90CC9601ECE0}.Debug|Any CPU.ActiveCfg = Debug|Any CPU
		{E492EC12-EDCC-41E4-A744-90CC9601ECE0}.Debug|Any CPU.Build.0 = Debug|Any CPU
		{E492EC12-EDCC-41E4-A744-90CC9601ECE0}.Release|Any CPU.ActiveCfg = Release|Any CPU
		{E492EC12-EDCC-41E4-A744-90CC9601ECE0}.Release|Any CPU.Build.0 = Release|Any CPU
	EndGlobalSection
	GlobalSection(SolutionProperties) = preSolution
		HideSolutionNode = FALSE
	EndGlobalSection
EndGlobal
